
Microsoft Visual Studio Solution File, Format Version 9.00
# Visual Studio 2005
Project("{8BC9CEB8-8B4A-11D0-8D11-00A0C91BC942}") = "RtMidi", "RtMidi.vcproj", "{D07B755F-B6CA-4D59-B664-304A92B10A6B}"
EndProject
Project("{8BC9CEB8-8B4A-11D0-8D11-00A0C91BC942}") = "Midi-Me", "Midi-Me.vcproj", "{657D0266-ACAB-4425-8F30-CD8CC9A941B1}"
	ProjectSection(ProjectDependencies) = postProject
		{74333920-B735-41AD-B5CB-2B0ECE338811} = {74333920-B735-41AD-B5CB-2B0ECE338811}
		{DFD8580A-B00C-42C3-BED0-671894633164} = {DFD8580A-B00C-42C3-BED0-671894633164}
		{A77B453E-8668-4B17-95A7-0155CCF83117} = {A77B453E-8668-4B17-95A7-0155CCF83117}
		{D07B755F-B6CA-4D59-B664-304A92B10A6B} = {D07B755F-B6CA-4D59-B664-304A92B10A6B}
		{121CC4B8-B308-4480-A025-BE3F820EA0F3} = {121CC4B8-B308-4480-A025-BE3F820EA0F3}
	EndProjectSection
EndProject
Project("{8BC9CEB8-8B4A-11D0-8D11-00A0C91BC942}") = "XmlParser", "XmlParser.vcproj", "{39532DDB-B73E-470E-95B0-8ECACE8D5587}"
EndProject
Project("{2150E333-8FDC-42A3-9474-1A3956D46DE8}") = "Plugins", "Plugins", "{8E225CD9-E5F4-44AB-9CBE-0A5380EA179D}"
EndProject
Project("{8BC9CEB8-8B4A-11D0-8D11-00A0C91BC942}") = "InputOIS", "InputOIS.vcproj", "{F96FFF06-8600-4C34-9230-4954E1E036DA}"
	ProjectSection(ProjectDependencies) = postProject
		{A77B453E-8668-4B17-95A7-0155CCF83117} = {A77B453E-8668-4B17-95A7-0155CCF83117}
		{121CC4B8-B308-4480-A025-BE3F820EA0F3} = {121CC4B8-B308-4480-A025-BE3F820EA0F3}
	EndProjectSection
EndProject
Project("{2150E333-8FDC-42A3-9474-1A3956D46DE8}") = "deps", "deps", "{A3C47358-7CA6-4D69-9264-9E9F3EE9699C}"
EndProject
Project("{8BC9CEB8-8B4A-11D0-8D11-00A0C91BC942}") = "PluginSystem", "PluginSystem.vcproj", "{A77B453E-8668-4B17-95A7-0155CCF83117}"
EndProject
Project("{8BC9CEB8-8B4A-11D0-8D11-00A0C91BC942}") = "libMidi-Me", "libMidi-Me.vcproj", "{121CC4B8-B308-4480-A025-BE3F820EA0F3}"
	ProjectSection(ProjectDependencies) = postProject
		{74333920-B735-41AD-B5CB-2B0ECE338811} = {74333920-B735-41AD-B5CB-2B0ECE338811}
		{D07B755F-B6CA-4D59-B664-304A92B10A6B} = {D07B755F-B6CA-4D59-B664-304A92B10A6B}
		{39532DDB-B73E-470E-95B0-8ECACE8D5587} = {39532DDB-B73E-470E-95B0-8ECACE8D5587}
	EndProjectSection
EndProject
Project("{8BC9CEB8-8B4A-11D0-8D11-00A0C91BC942}") = "StandardProcessors", "StandardProcessorsPlugin.vcproj", "{08083A1E-1450-4C33-ABA3-24FBF0ADD5DD}"
	ProjectSection(ProjectDependencies) = postProject
		{121CC4B8-B308-4480-A025-BE3F820EA0F3} = {121CC4B8-B308-4480-A025-BE3F820EA0F3}
		{A77B453E-8668-4B17-95A7-0155CCF83117} = {A77B453E-8668-4B17-95A7-0155CCF83117}
		{74333920-B735-41AD-B5CB-2B0ECE338811} = {74333920-B735-41AD-B5CB-2B0ECE338811}
	EndProjectSection
EndProject
Project("{8BC9CEB8-8B4A-11D0-8D11-00A0C91BC942}") = "Properties", "Properties.vcproj", "{74333920-B735-41AD-B5CB-2B0ECE338811}"
EndProject
Project("{8BC9CEB8-8B4A-11D0-8D11-00A0C91BC942}") = "PropertiesEditor", "PropertiesEditor.vcproj", "{DFD8580A-B00C-42C3-BED0-671894633164}"
	ProjectSection(ProjectDependencies) = postProject
		{74333920-B735-41AD-B5CB-2B0ECE338811} = {74333920-B735-41AD-B5CB-2B0ECE338811}
	EndProjectSection
EndProject
Global
	GlobalSection(SolutionConfigurationPlatforms) = preSolution
		Debug|Win32 = Debug|Win32
		Release|Win32 = Release|Win32
	EndGlobalSection
	GlobalSection(ProjectConfigurationPlatforms) = postSolution
		{D07B755F-B6CA-4D59-B664-304A92B10A6B}.Debug|Win32.ActiveCfg = Debug|Win32
		{D07B755F-B6CA-4D59-B664-304A92B10A6B}.Debug|Win32.Build.0 = Debug|Win32
		{D07B755F-B6CA-4D59-B664-304A92B10A6B}.Release|Win32.ActiveCfg = Release|Win32
		{D07B755F-B6CA-4D59-B664-304A92B10A6B}.Release|Win32.Build.0 = Release|Win32
		{657D0266-ACAB-4425-8F30-CD8CC9A941B1}.Debug|Win32.ActiveCfg = Debug|Win32
		{657D0266-ACAB-4425-8F30-CD8CC9A941B1}.Debug|Win32.Build.0 = Debug|Win32
		{657D0266-ACAB-4425-8F30-CD8CC9A941B1}.Release|Win32.ActiveCfg = Release|Win32
		{657D0266-ACAB-4425-8F30-CD8CC9A941B1}.Release|Win32.Build.0 = Release|Win32
		{39532DDB-B73E-470E-95B0-8ECACE8D5587}.Debug|Win32.ActiveCfg = Debug|Win32
		{39532DDB-B73E-470E-95B0-8ECACE8D5587}.Debug|Win32.Build.0 = Debug|Win32
		{39532DDB-B73E-470E-95B0-8ECACE8D5587}.Release|Win32.ActiveCfg = Release|Win32
		{39532DDB-B73E-470E-95B0-8ECACE8D5587}.Release|Win32.Build.0 = Release|Win32
		{F96FFF06-8600-4C34-9230-4954E1E036DA}.Debug|Win32.ActiveCfg = Debug|Win32
		{F96FFF06-8600-4C34-9230-4954E1E036DA}.Debug|Win32.Build.0 = Debug|Win32
		{F96FFF06-8600-4C34-9230-4954E1E036DA}.Release|Win32.ActiveCfg = Release|Win32
		{F96FFF06-8600-4C34-9230-4954E1E036DA}.Release|Win32.Build.0 = Release|Win32
		{A77B453E-8668-4B17-95A7-0155CCF83117}.Debug|Win32.ActiveCfg = Debug|Win32
		{A77B453E-8668-4B17-95A7-0155CCF83117}.Debug|Win32.Build.0 = Debug|Win32
		{A77B453E-8668-4B17-95A7-0155CCF83117}.Release|Win32.ActiveCfg = Release|Win32
		{A77B453E-8668-4B17-95A7-0155CCF83117}.Release|Win32.Build.0 = Release|Win32
		{121CC4B8-B308-4480-A025-BE3F820EA0F3}.Debug|Win32.ActiveCfg = Debug|Win32
		{121CC4B8-B308-4480-A025-BE3F820EA0F3}.Debug|Win32.Build.0 = Debug|Win32
		{121CC4B8-B308-4480-A025-BE3F820EA0F3}.Release|Win32.ActiveCfg = Release|Win32
		{121CC4B8-B308-4480-A025-BE3F820EA0F3}.Release|Win32.Build.0 = Release|Win32
		{08083A1E-1450-4C33-ABA3-24FBF0ADD5DD}.Debug|Win32.ActiveCfg = Debug|Win32
		{08083A1E-1450-4C33-ABA3-24FBF0ADD5DD}.Debug|Win32.Build.0 = Debug|Win32
		{08083A1E-1450-4C33-ABA3-24FBF0ADD5DD}.Release|Win32.ActiveCfg = Release|Win32
		{08083A1E-1450-4C33-ABA3-24FBF0ADD5DD}.Release|Win32.Build.0 = Release|Win32
		{74333920-B735-41AD-B5CB-2B0ECE338811}.Debug|Win32.ActiveCfg = Debug|Win32
		{74333920-B735-41AD-B5CB-2B0ECE338811}.Debug|Win32.Build.0 = Debug|Win32
		{74333920-B735-41AD-B5CB-2B0ECE338811}.Release|Win32.ActiveCfg = Release|Win32
		{74333920-B735-41AD-B5CB-2B0ECE338811}.Release|Win32.Build.0 = Release|Win32
		{DFD8580A-B00C-42C3-BED0-671894633164}.Debug|Win32.ActiveCfg = Debug|Win32
		{DFD8580A-B00C-42C3-BED0-671894633164}.Debug|Win32.Build.0 = Debug|Win32
		{DFD8580A-B00C-42C3-BED0-671894633164}.Release|Win32.ActiveCfg = Release|Win32
		{DFD8580A-B00C-42C3-BED0-671894633164}.Release|Win32.Build.0 = Release|Win32
	EndGlobalSection
	GlobalSection(SolutionProperties) = preSolution
		HideSolutionNode = FALSE
	EndGlobalSection
	GlobalSection(NestedProjects) = preSolution
		{39532DDB-B73E-470E-95B0-8ECACE8D5587} = {A3C47358-7CA6-4D69-9264-9E9F3EE9699C}
		{D07B755F-B6CA-4D59-B664-304A92B10A6B} = {A3C47358-7CA6-4D69-9264-9E9F3EE9699C}
		{A77B453E-8668-4B17-95A7-0155CCF83117} = {A3C47358-7CA6-4D69-9264-9E9F3EE9699C}
		{74333920-B735-41AD-B5CB-2B0ECE338811} = {A3C47358-7CA6-4D69-9264-9E9F3EE9699C}
		{DFD8580A-B00C-42C3-BED0-671894633164} = {A3C47358-7CA6-4D69-9264-9E9F3EE9699C}
		{F96FFF06-8600-4C34-9230-4954E1E036DA} = {8E225CD9-E5F4-44AB-9CBE-0A5380EA179D}
		{08083A1E-1450-4C33-ABA3-24FBF0ADD5DD} = {8E225CD9-E5F4-44AB-9CBE-0A5380EA179D}
	EndGlobalSection
EndGlobal
